
Microsoft Visual Studio Solution File, Format Version 12.00
# Visual Studio 15
VisualStudioVersion = 15.0.27130.2027
MinimumVisualStudioVersion = 10.0.40219.1
Project("{9A19103F-16F7-4668-BE54-9A1E7A4F7556}") = "Com.Danliris.Service.Internal.Transfer.WebApi", "Com.Danliris.Service.Internal.Transfer.WebApi\Com.Danliris.Service.Internal.Transfer.WebApi.csproj", "{76A5680F-BC9F-4039-811D-CF23BCB01719}"
EndProject
Project("{9A19103F-16F7-4668-BE54-9A1E7A4F7556}") = "Com.Danliris.Service.Internal.Transfer.Lib", "Com.Danliris.Service.Internal.Transfer.Lib\Com.Danliris.Service.Internal.Transfer.Lib.csproj", "{B86BFF63-1B28-42B0-B9E3-36D22C49FC46}"
EndProject
Global
	GlobalSection(SolutionConfigurationPlatforms) = preSolution
		Debug|Any CPU = Debug|Any CPU
		Release|Any CPU = Release|Any CPU
	EndGlobalSection
	GlobalSection(ProjectConfigurationPlatforms) = postSolution
		{76A5680F-BC9F-4039-811D-CF23BCB01719}.Debug|Any CPU.ActiveCfg = Debug|Any CPU
		{76A5680F-BC9F-4039-811D-CF23BCB01719}.Debug|Any CPU.Build.0 = Debug|Any CPU
		{76A5680F-BC9F-4039-811D-CF23BCB01719}.Release|Any CPU.ActiveCfg = Release|Any CPU
		{76A5680F-BC9F-4039-811D-CF23BCB01719}.Release|Any CPU.Build.0 = Release|Any CPU
		{B86BFF63-1B28-42B0-B9E3-36D22C49FC46}.Debug|Any CPU.ActiveCfg = Debug|Any CPU
		{B86BFF63-1B28-42B0-B9E3-36D22C49FC46}.Debug|Any CPU.Build.0 = Debug|Any CPU
		{B86BFF63-1B28-42B0-B9E3-36D22C49FC46}.Release|Any CPU.ActiveCfg = Release|Any CPU
		{B86BFF63-1B28-42B0-B9E3-36D22C49FC46}.Release|Any CPU.Build.0 = Release|Any CPU
	EndGlobalSection
	GlobalSection(SolutionProperties) = preSolution
		HideSolutionNode = FALSE
	EndGlobalSection
	GlobalSection(ExtensibilityGlobals) = postSolution
		SolutionGuid = {45216EBD-ACE3-426B-B4F0-FE4382177B85}
	EndGlobalSection
EndGlobal
